
Microsoft Visual Studio Solution File, Format Version 11.00
# Visual Studio 2010
Project("{FAE04EC0-301F-11D3-BF4B-00C04F79EFBC}") = "RatherThis", "RatherThis\RatherThis.csproj", "{12C422B5-51CC-4342-A188-07337DE604C7}"
EndProject
Project("{FAE04EC0-301F-11D3-BF4B-00C04F79EFBC}") = "RatherThis.Tests", "RatherThis.Tests\RatherThis.Tests.csproj", "{DD466928-AAC2-4E85-ACD6-B9F361EBD008}"
EndProject
Project("{FAE04EC0-301F-11D3-BF4B-00C04F79EFBC}") = "RatherThis.Domain", "RatherThis.Domain\RatherThis.Domain.csproj", "{45B65F58-46BF-4FC7-AC4B-863AF2F1677A}"
EndProject
Global
	GlobalSection(SolutionConfigurationPlatforms) = preSolution
		Debug|Any CPU = Debug|Any CPU
		Release|Any CPU = Release|Any CPU
	EndGlobalSection
	GlobalSection(ProjectConfigurationPlatforms) = postSolution
		{12C422B5-51CC-4342-A188-07337DE604C7}.Debug|Any CPU.ActiveCfg = Debug|Any CPU
		{12C422B5-51CC-4342-A188-07337DE604C7}.Debug|Any CPU.Build.0 = Debug|Any CPU
		{12C422B5-51CC-4342-A188-07337DE604C7}.Release|Any CPU.ActiveCfg = Release|Any CPU
		{12C422B5-51CC-4342-A188-07337DE604C7}.Release|Any CPU.Build.0 = Release|Any CPU
		{DD466928-AAC2-4E85-ACD6-B9F361EBD008}.Debug|Any CPU.ActiveCfg = Debug|Any CPU
		{DD466928-AAC2-4E85-ACD6-B9F361EBD008}.Debug|Any CPU.Build.0 = Debug|Any CPU
		{DD466928-AAC2-4E85-ACD6-B9F361EBD008}.Release|Any CPU.ActiveCfg = Release|Any CPU
		{DD466928-AAC2-4E85-ACD6-B9F361EBD008}.Release|Any CPU.Build.0 = Release|Any CPU
		{45B65F58-46BF-4FC7-AC4B-863AF2F1677A}.Debug|Any CPU.ActiveCfg = Debug|Any CPU
		{45B65F58-46BF-4FC7-AC4B-863AF2F1677A}.Debug|Any CPU.Build.0 = Debug|Any CPU
		{45B65F58-46BF-4FC7-AC4B-863AF2F1677A}.Release|Any CPU.ActiveCfg = Release|Any CPU
		{45B65F58-46BF-4FC7-AC4B-863AF2F1677A}.Release|Any CPU.Build.0 = Release|Any CPU
	EndGlobalSection
	GlobalSection(SolutionProperties) = preSolution
		HideSolutionNode = FALSE
	EndGlobalSection
EndGlobal
